
Microsoft Visual Studio Solution File, Format Version 12.00
# Visual Studio Version 16
VisualStudioVersion = 16.0.30621.155
MinimumVisualStudioVersion = 10.0.40219.1
Project("{FAE04EC0-301F-11D3-BF4B-00C04F79EFBC}") = "BlueBadgeFinal.WebAPI", "BlueBadgeFinal.WebAPI\BlueBadgeFinal.WebAPI.csproj", "{18EA169D-F278-4985-B7DA-45E4AB11FAA2}"
EndProject
Project("{FAE04EC0-301F-11D3-BF4B-00C04F79EFBC}") = "BlueBadge.Data", "BlueBadge.Data\BlueBadge.Data.csproj", "{99F67A09-5448-44AD-9A7B-51F80EF4F703}"
EndProject
Project("{FAE04EC0-301F-11D3-BF4B-00C04F79EFBC}") = "BlueBadge.Models", "BlueBadge.Models\BlueBadge.Models.csproj", "{99A7BBCE-BF16-408D-BD61-146377D09C41}"
EndProject
Project("{FAE04EC0-301F-11D3-BF4B-00C04F79EFBC}") = "BlueBadge.Services", "BlueBadge.Services\BlueBadge.Services.csproj", "{4A6659D6-6831-4510-AFE0-74B3B207AEAF}"
EndProject
Global
	GlobalSection(SolutionConfigurationPlatforms) = preSolution
		Debug|Any CPU = Debug|Any CPU
		Release|Any CPU = Release|Any CPU
	EndGlobalSection
	GlobalSection(ProjectConfigurationPlatforms) = postSolution
		{18EA169D-F278-4985-B7DA-45E4AB11FAA2}.Debug|Any CPU.ActiveCfg = Debug|Any CPU
		{18EA169D-F278-4985-B7DA-45E4AB11FAA2}.Debug|Any CPU.Build.0 = Debug|Any CPU
		{18EA169D-F278-4985-B7DA-45E4AB11FAA2}.Release|Any CPU.ActiveCfg = Release|Any CPU
		{18EA169D-F278-4985-B7DA-45E4AB11FAA2}.Release|Any CPU.Build.0 = Release|Any CPU
		{99F67A09-5448-44AD-9A7B-51F80EF4F703}.Debug|Any CPU.ActiveCfg = Debug|Any CPU
		{99F67A09-5448-44AD-9A7B-51F80EF4F703}.Debug|Any CPU.Build.0 = Debug|Any CPU
		{99F67A09-5448-44AD-9A7B-51F80EF4F703}.Release|Any CPU.ActiveCfg = Release|Any CPU
		{99F67A09-5448-44AD-9A7B-51F80EF4F703}.Release|Any CPU.Build.0 = Release|Any CPU
		{99A7BBCE-BF16-408D-BD61-146377D09C41}.Debug|Any CPU.ActiveCfg = Debug|Any CPU
		{99A7BBCE-BF16-408D-BD61-146377D09C41}.Debug|Any CPU.Build.0 = Debug|Any CPU
		{99A7BBCE-BF16-408D-BD61-146377D09C41}.Release|Any CPU.ActiveCfg = Release|Any CPU
		{99A7BBCE-BF16-408D-BD61-146377D09C41}.Release|Any CPU.Build.0 = Release|Any CPU
		{4A6659D6-6831-4510-AFE0-74B3B207AEAF}.Debug|Any CPU.ActiveCfg = Debug|Any CPU
		{4A6659D6-6831-4510-AFE0-74B3B207AEAF}.Debug|Any CPU.Build.0 = Debug|Any CPU
		{4A6659D6-6831-4510-AFE0-74B3B207AEAF}.Release|Any CPU.ActiveCfg = Release|Any CPU
		{4A6659D6-6831-4510-AFE0-74B3B207AEAF}.Release|Any CPU.Build.0 = Release|Any CPU
	EndGlobalSection
	GlobalSection(SolutionProperties) = preSolution
		HideSolutionNode = FALSE
	EndGlobalSection
	GlobalSection(ExtensibilityGlobals) = postSolution
		SolutionGuid = {02CF8E31-60DE-4830-80C4-D96E35F7E718}
	EndGlobalSection
EndGlobal
